
Microsoft Visual Studio Solution File, Format Version 12.00
# Visual Studio Version 16
VisualStudioVersion = 16.0.29806.167
MinimumVisualStudioVersion = 10.0.40219.1
Project("{FAE04EC0-301F-11D3-BF4B-00C04F79EFBC}") = "UOM.EVoting.App", "UOM.EVoting.App\UOM.EVoting.App.csproj", "{11F421C6-E9DD-4894-9B1A-B4FCC8C3B777}"
EndProject
Project("{FAE04EC0-301F-11D3-BF4B-00C04F79EFBC}") = "UOM.EVoting.Common", "UOM.EVoting.Common\UOM.EVoting.Common.csproj", "{6432C836-8F06-4A52-A220-02D275325D35}"
EndProject
Project("{FAE04EC0-301F-11D3-BF4B-00C04F79EFBC}") = "UOM.EVoting.Data", "UOM.EVoting.Data\UOM.EVoting.Data.csproj", "{EA4A0DF5-35B9-4431-94A6-6FE4A286FD5A}"
EndProject
Project("{FAE04EC0-301F-11D3-BF4B-00C04F79EFBC}") = "UOM.EVoting.Business", "UOM.EVoting.Business\UOM.EVoting.Business.csproj", "{99FB6C6D-9EEA-4AC2-9BAA-75495993F46B}"
EndProject
Global
	GlobalSection(SolutionConfigurationPlatforms) = preSolution
		Debug|Any CPU = Debug|Any CPU
		Release|Any CPU = Release|Any CPU
	EndGlobalSection
	GlobalSection(ProjectConfigurationPlatforms) = postSolution
		{11F421C6-E9DD-4894-9B1A-B4FCC8C3B777}.Debug|Any CPU.ActiveCfg = Debug|Any CPU
		{11F421C6-E9DD-4894-9B1A-B4FCC8C3B777}.Debug|Any CPU.Build.0 = Debug|Any CPU
		{11F421C6-E9DD-4894-9B1A-B4FCC8C3B777}.Release|Any CPU.ActiveCfg = Release|Any CPU
		{11F421C6-E9DD-4894-9B1A-B4FCC8C3B777}.Release|Any CPU.Build.0 = Release|Any CPU
		{6432C836-8F06-4A52-A220-02D275325D35}.Debug|Any CPU.ActiveCfg = Debug|Any CPU
		{6432C836-8F06-4A52-A220-02D275325D35}.Debug|Any CPU.Build.0 = Debug|Any CPU
		{6432C836-8F06-4A52-A220-02D275325D35}.Release|Any CPU.ActiveCfg = Release|Any CPU
		{6432C836-8F06-4A52-A220-02D275325D35}.Release|Any CPU.Build.0 = Release|Any CPU
		{EA4A0DF5-35B9-4431-94A6-6FE4A286FD5A}.Debug|Any CPU.ActiveCfg = Debug|Any CPU
		{EA4A0DF5-35B9-4431-94A6-6FE4A286FD5A}.Debug|Any CPU.Build.0 = Debug|Any CPU
		{EA4A0DF5-35B9-4431-94A6-6FE4A286FD5A}.Release|Any CPU.ActiveCfg = Release|Any CPU
		{EA4A0DF5-35B9-4431-94A6-6FE4A286FD5A}.Release|Any CPU.Build.0 = Release|Any CPU
		{99FB6C6D-9EEA-4AC2-9BAA-75495993F46B}.Debug|Any CPU.ActiveCfg = Debug|Any CPU
		{99FB6C6D-9EEA-4AC2-9BAA-75495993F46B}.Debug|Any CPU.Build.0 = Debug|Any CPU
		{99FB6C6D-9EEA-4AC2-9BAA-75495993F46B}.Release|Any CPU.ActiveCfg = Release|Any CPU
		{99FB6C6D-9EEA-4AC2-9BAA-75495993F46B}.Release|Any CPU.Build.0 = Release|Any CPU
	EndGlobalSection
	GlobalSection(SolutionProperties) = preSolution
		HideSolutionNode = FALSE
	EndGlobalSection
	GlobalSection(ExtensibilityGlobals) = postSolution
		SolutionGuid = {56B69F54-8A21-4338-AF30-E005AD6A75BD}
	EndGlobalSection
EndGlobal
